
Microsoft Visual Studio Solution File, Format Version 12.00
# Visual Studio Version 17
VisualStudioVersion = 17.2.32516.85
MinimumVisualStudioVersion = 10.0.40219.1
Project("{FAE04EC0-301F-11D3-BF4B-00C04F79EFBC}") = "TTTMovementToolApplication", "TTTMovementToolApplication.csproj", "{5C0ACDD0-7170-4CEC-9CE5-7DBFC367E40C}"
EndProject
Global
	GlobalSection(SolutionConfigurationPlatforms) = preSolution
		Debug|Any CPU = Debug|Any CPU
		Release|Any CPU = Release|Any CPU
	EndGlobalSection
	GlobalSection(ProjectConfigurationPlatforms) = postSolution
		{5C0ACDD0-7170-4CEC-9CE5-7DBFC367E40C}.Debug|Any CPU.ActiveCfg = Debug|Any CPU
		{5C0ACDD0-7170-4CEC-9CE5-7DBFC367E40C}.Debug|Any CPU.Build.0 = Debug|Any CPU
		{5C0ACDD0-7170-4CEC-9CE5-7DBFC367E40C}.Release|Any CPU.ActiveCfg = Release|Any CPU
		{5C0ACDD0-7170-4CEC-9CE5-7DBFC367E40C}.Release|Any CPU.Build.0 = Release|Any CPU
	EndGlobalSection
	GlobalSection(SolutionProperties) = preSolution
		HideSolutionNode = FALSE
	EndGlobalSection
	GlobalSection(ExtensibilityGlobals) = postSolution
		SolutionGuid = {B5BB871B-21F1-448F-9754-17068CB60950}
	EndGlobalSection
EndGlobal
